
Microsoft Visual Studio Solution File, Format Version 12.00
# Visual Studio Version 17
VisualStudioVersion = 17.11.35327.3
MinimumVisualStudioVersion = 10.0.40219.1
Project("{FAE04EC0-301F-11D3-BF4B-00C04F79EFBC}") = "Assignment2_Payment Methods", "Assignment2_Payment Methods\Assignment2_Payment Methods.csproj", "{226F1A85-7DEF-4D17-96BA-F2548247C0A9}"
EndProject
Global
	GlobalSection(SolutionConfigurationPlatforms) = preSolution
		Debug|Any CPU = Debug|Any CPU
		Release|Any CPU = Release|Any CPU
	EndGlobalSection
	GlobalSection(ProjectConfigurationPlatforms) = postSolution
		{226F1A85-7DEF-4D17-96BA-F2548247C0A9}.Debug|Any CPU.ActiveCfg = Debug|Any CPU
		{226F1A85-7DEF-4D17-96BA-F2548247C0A9}.Debug|Any CPU.Build.0 = Debug|Any CPU
		{226F1A85-7DEF-4D17-96BA-F2548247C0A9}.Release|Any CPU.ActiveCfg = Release|Any CPU
		{226F1A85-7DEF-4D17-96BA-F2548247C0A9}.Release|Any CPU.Build.0 = Release|Any CPU
	EndGlobalSection
	GlobalSection(SolutionProperties) = preSolution
		HideSolutionNode = FALSE
	EndGlobalSection
	GlobalSection(ExtensibilityGlobals) = postSolution
		SolutionGuid = {34CF2AC8-5AA0-402E-B025-737FD300CB7C}
	EndGlobalSection
EndGlobal
