
Microsoft Visual Studio Solution File, Format Version 12.00
# Visual Studio Version 17
VisualStudioVersion = 17.11.35327.3
MinimumVisualStudioVersion = 10.0.40219.1
Project("{FAE04EC0-301F-11D3-BF4B-00C04F79EFBC}") = "Day2_MediaPlayerPlugins", "Day2_MediaPlayerPlugins\Day2_MediaPlayerPlugins.csproj", "{EFA4DD30-BC33-4FC9-9AD3-A4739D49C779}"
EndProject
Global
	GlobalSection(SolutionConfigurationPlatforms) = preSolution
		Debug|Any CPU = Debug|Any CPU
		Release|Any CPU = Release|Any CPU
	EndGlobalSection
	GlobalSection(ProjectConfigurationPlatforms) = postSolution
		{EFA4DD30-BC33-4FC9-9AD3-A4739D49C779}.Debug|Any CPU.ActiveCfg = Debug|Any CPU
		{EFA4DD30-BC33-4FC9-9AD3-A4739D49C779}.Debug|Any CPU.Build.0 = Debug|Any CPU
		{EFA4DD30-BC33-4FC9-9AD3-A4739D49C779}.Release|Any CPU.ActiveCfg = Release|Any CPU
		{EFA4DD30-BC33-4FC9-9AD3-A4739D49C779}.Release|Any CPU.Build.0 = Release|Any CPU
	EndGlobalSection
	GlobalSection(SolutionProperties) = preSolution
		HideSolutionNode = FALSE
	EndGlobalSection
	GlobalSection(ExtensibilityGlobals) = postSolution
		SolutionGuid = {34C291EF-1616-4970-8645-502414D31479}
	EndGlobalSection
EndGlobal
